
Microsoft Visual Studio Solution File, Format Version 12.00
# Visual Studio Version 17
VisualStudioVersion = 17.13.35818.85 d17.13
MinimumVisualStudioVersion = 10.0.40219.1
Project("{FAE04EC0-301F-11D3-BF4B-00C04F79EFBC}") = "AES_Project_Console", "AES_Project_Console\AES_Project_Console.csproj", "{14ED7981-A5B5-496F-994D-1C9C05AE67CD}"
EndProject
Project("{FAE04EC0-301F-11D3-BF4B-00C04F79EFBC}") = "AES_Project_Domain", "AES_Project_Domain\AES_Project_Domain.csproj", "{24DE07C8-965A-4B07-9DCA-9197BF606C29}"
EndProject
Project("{FAE04EC0-301F-11D3-BF4B-00C04F79EFBC}") = "AES_Project_UnitTests", "AES_Project_UnitTests\AES_Project_UnitTests.csproj", "{748567A2-A9EC-499B-98D5-35FCC1DC9041}"
EndProject
Global
	GlobalSection(SolutionConfigurationPlatforms) = preSolution
		Debug|Any CPU = Debug|Any CPU
		Release|Any CPU = Release|Any CPU
	EndGlobalSection
	GlobalSection(ProjectConfigurationPlatforms) = postSolution
		{14ED7981-A5B5-496F-994D-1C9C05AE67CD}.Debug|Any CPU.ActiveCfg = Debug|Any CPU
		{14ED7981-A5B5-496F-994D-1C9C05AE67CD}.Debug|Any CPU.Build.0 = Debug|Any CPU
		{14ED7981-A5B5-496F-994D-1C9C05AE67CD}.Release|Any CPU.ActiveCfg = Release|Any CPU
		{14ED7981-A5B5-496F-994D-1C9C05AE67CD}.Release|Any CPU.Build.0 = Release|Any CPU
		{24DE07C8-965A-4B07-9DCA-9197BF606C29}.Debug|Any CPU.ActiveCfg = Debug|Any CPU
		{24DE07C8-965A-4B07-9DCA-9197BF606C29}.Debug|Any CPU.Build.0 = Debug|Any CPU
		{24DE07C8-965A-4B07-9DCA-9197BF606C29}.Release|Any CPU.ActiveCfg = Release|Any CPU
		{24DE07C8-965A-4B07-9DCA-9197BF606C29}.Release|Any CPU.Build.0 = Release|Any CPU
		{748567A2-A9EC-499B-98D5-35FCC1DC9041}.Debug|Any CPU.ActiveCfg = Debug|Any CPU
		{748567A2-A9EC-499B-98D5-35FCC1DC9041}.Debug|Any CPU.Build.0 = Debug|Any CPU
		{748567A2-A9EC-499B-98D5-35FCC1DC9041}.Release|Any CPU.ActiveCfg = Release|Any CPU
		{748567A2-A9EC-499B-98D5-35FCC1DC9041}.Release|Any CPU.Build.0 = Release|Any CPU
	EndGlobalSection
	GlobalSection(SolutionProperties) = preSolution
		HideSolutionNode = FALSE
	EndGlobalSection
	GlobalSection(ExtensibilityGlobals) = postSolution
		SolutionGuid = {61334DE9-47AB-4203-AA12-AA95093C146B}
	EndGlobalSection
EndGlobal
